// !$*UTF8*$!
{
	archiveVersion = 1;
	classes = {
	};
	objectVersion = 50;
	objects = {

/* Begin PBXBuildFile section */
		A59FCE1A266A7CF300378003 /* BeFoodNotToApp.swift in Sources */ = {isa = PBXBuildFile; fileRef = A59FCE19266A7CF300378003 /* BeFoodNotToApp.swift */; };
		A59FCE1C266A7CF300378003 /* FoodSearch.swift in Sources */ = {isa = PBXBuildFile; fileRef = A59FCE1B266A7CF300378003 /* FoodSearch.swift */; };
		A59FCE1E266A7D0100378003 /* Assets.xcassets in Resources */ = {isa = PBXBuildFile; fileRef = A59FCE1D266A7D0100378003 /* Assets.xcassets */; };
		A59FCE21266A7D0100378003 /* Preview Assets.xcassets in Resources */ = {isa = PBXBuildFile; fileRef = A59FCE20266A7D0100378003 /* Preview Assets.xcassets */; };
		A5E60BF92684BB5A00003FEC /* BeFoodNotToTests.swift in Sources */ = {isa = PBXBuildFile; fileRef = A5E60BF82684BB5A00003FEC /* BeFoodNotToTests.swift */; };
		A5E60C052684BE0C00003FEC /* Establishments.swift in Sources */ = {isa = PBXBuildFile; fileRef = A5E60C042684BE0C00003FEC /* Establishments.swift */; };
		A5E60C072684BE3000003FEC /* Establishment.swift in Sources */ = {isa = PBXBuildFile; fileRef = A5E60C062684BE3000003FEC /* Establishment.swift */; };
		A5E60C092684BE6900003FEC /* Link.swift in Sources */ = {isa = PBXBuildFile; fileRef = A5E60C082684BE6900003FEC /* Link.swift */; };
		A5E60C0B2684BE8300003FEC /* Rel.swift in Sources */ = {isa = PBXBuildFile; fileRef = A5E60C0A2684BE8300003FEC /* Rel.swift */; };
		A5E60C0F2684BEAD00003FEC /* Meta.swift in Sources */ = {isa = PBXBuildFile; fileRef = A5E60C0E2684BEAD00003FEC /* Meta.swift */; };
		A5E60C112684C04C00003FEC /* FoodSearchViewModel.swift in Sources */ = {isa = PBXBuildFile; fileRef = A5E60C102684C04C00003FEC /* FoodSearchViewModel.swift */; };
		A5E60C132684C07D00003FEC /* FoodResults.swift in Sources */ = {isa = PBXBuildFile; fileRef = A5E60C122684C07D00003FEC /* FoodResults.swift */; };
		A5E60C162684C0B500003FEC /* FoodDetails.swift in Sources */ = {isa = PBXBuildFile; fileRef = A5E60C152684C0B500003FEC /* FoodDetails.swift */; };
/* End PBXBuildFile section */

/* Begin PBXContainerItemProxy section */
		A5E60BFB2684BB5A00003FEC /* PBXContainerItemProxy */ = {
			isa = PBXContainerItemProxy;
			containerPortal = A59FCE0E266A7CF300378003 /* Project object */;
			proxyType = 1;
			remoteGlobalIDString = A59FCE15266A7CF300378003;
			remoteInfo = BeFoodNotTo;
		};
/* End PBXContainerItemProxy section */

/* Begin PBXFileReference section */
		A59FCE16266A7CF300378003 /* BeFoodNotTo.app */ = {isa = PBXFileReference; explicitFileType = wrapper.application; includeInIndex = 0; path = BeFoodNotTo.app; sourceTree = BUILT_PRODUCTS_DIR; };
		A59FCE19266A7CF300378003 /* BeFoodNotToApp.swift */ = {isa = PBXFileReference; lastKnownFileType = sourcecode.swift; path = BeFoodNotToApp.swift; sourceTree = "<group>"; };
		A59FCE1B266A7CF300378003 /* FoodSearch.swift */ = {isa = PBXFileReference; lastKnownFileType = sourcecode.swift; path = FoodSearch.swift; sourceTree = "<group>"; };
		A59FCE1D266A7D0100378003 /* Assets.xcassets */ = {isa = PBXFileReference; lastKnownFileType = folder.assetcatalog; path = Assets.xcassets; sourceTree = "<group>"; };
		A59FCE20266A7D0100378003 /* Preview Assets.xcassets */ = {isa = PBXFileReference; lastKnownFileType = folder.assetcatalog; path = "Preview Assets.xcassets"; sourceTree = "<group>"; };
		A59FCE22266A7D0100378003 /* Info.plist */ = {isa = PBXFileReference; lastKnownFileType = text.plist.xml; path = Info.plist; sourceTree = "<group>"; };
		A5E60BF62684BB5A00003FEC /* BeFoodNotToTests.xctest */ = {isa = PBXFileReference; explicitFileType = wrapper.cfbundle; includeInIndex = 0; path = BeFoodNotToTests.xctest; sourceTree = BUILT_PRODUCTS_DIR; };
		A5E60BF82684BB5A00003FEC /* BeFoodNotToTests.swift */ = {isa = PBXFileReference; lastKnownFileType = sourcecode.swift; path = BeFoodNotToTests.swift; sourceTree = "<group>"; };
		A5E60BFA2684BB5A00003FEC /* Info.plist */ = {isa = PBXFileReference; lastKnownFileType = text.plist.xml; path = Info.plist; sourceTree = "<group>"; };
		A5E60C042684BE0C00003FEC /* Establishments.swift */ = {isa = PBXFileReference; lastKnownFileType = sourcecode.swift; path = Establishments.swift; sourceTree = "<group>"; };
		A5E60C062684BE3000003FEC /* Establishment.swift */ = {isa = PBXFileReference; lastKnownFileType = sourcecode.swift; path = Establishment.swift; sourceTree = "<group>"; };
		A5E60C082684BE6900003FEC /* Link.swift */ = {isa = PBXFileReference; lastKnownFileType = sourcecode.swift; path = Link.swift; sourceTree = "<group>"; };
		A5E60C0A2684BE8300003FEC /* Rel.swift */ = {isa = PBXFileReference; lastKnownFileType = sourcecode.swift; path = Rel.swift; sourceTree = "<group>"; };
		A5E60C0E2684BEAD00003FEC /* Meta.swift */ = {isa = PBXFileReference; lastKnownFileType = sourcecode.swift; path = Meta.swift; sourceTree = "<group>"; };
		A5E60C102684C04C00003FEC /* FoodSearchViewModel.swift */ = {isa = PBXFileReference; lastKnownFileType = sourcecode.swift; path = FoodSearchViewModel.swift; sourceTree = "<group>"; };
		A5E60C122684C07D00003FEC /* FoodResults.swift */ = {isa = PBXFileReference; lastKnownFileType = sourcecode.swift; path = FoodResults.swift; sourceTree = "<group>"; };
		A5E60C152684C0B500003FEC /* FoodDetails.swift */ = {isa = PBXFileReference; lastKnownFileType = sourcecode.swift; path = FoodDetails.swift; sourceTree = "<group>"; };
/* End PBXFileReference section */

/* Begin PBXFrameworksBuildPhase section */
		A59FCE13266A7CF300378003 /* Frameworks */ = {
			isa = PBXFrameworksBuildPhase;
			buildActionMask = 2147483647;
			files = (
			);
			runOnlyForDeploymentPostprocessing = 0;
		};
		A5E60BF32684BB5A00003FEC /* Frameworks */ = {
			isa = PBXFrameworksBuildPhase;
			buildActionMask = 2147483647;
			files = (
			);
			runOnlyForDeploymentPostprocessing = 0;
		};
/* End PBXFrameworksBuildPhase section */

/* Begin PBXGroup section */
		A59FCE0D266A7CF300378003 = {
			isa = PBXGroup;
			children = (
				A59FCE18266A7CF300378003 /* BeFoodNotTo */,
				A5E60BF72684BB5A00003FEC /* BeFoodNotToTests */,
				A59FCE17266A7CF300378003 /* Products */,
			);
			sourceTree = "<group>";
		};
		A59FCE17266A7CF300378003 /* Products */ = {
			isa = PBXGroup;
			children = (
				A59FCE16266A7CF300378003 /* BeFoodNotTo.app */,
				A5E60BF62684BB5A00003FEC /* BeFoodNotToTests.xctest */,
			);
			name = Products;
			sourceTree = "<group>";
		};
		A59FCE18266A7CF300378003 /* BeFoodNotTo */ = {
			isa = PBXGroup;
			children = (
				A5E60BF02684BB0400003FEC /* Model */,
				A5DDF22C266AB71B00436888 /* View */,
				A5E60BEF2684BAFC00003FEC /* ViewModel */,
				A5E60BF12684BB1700003FEC /* Services */,
				A59FCE19266A7CF300378003 /* BeFoodNotToApp.swift */,
				A59FCE1D266A7D0100378003 /* Assets.xcassets */,
				A59FCE22266A7D0100378003 /* Info.plist */,
				A59FCE1F266A7D0100378003 /* Preview Content */,
			);
			path = BeFoodNotTo;
			sourceTree = "<group>";
		};
		A59FCE1F266A7D0100378003 /* Preview Content */ = {
			isa = PBXGroup;
			children = (
				A59FCE20266A7D0100378003 /* Preview Assets.xcassets */,
			);
			path = "Preview Content";
			sourceTree = "<group>";
		};
		A5DDF22C266AB71B00436888 /* View */ = {
			isa = PBXGroup;
			children = (
				A59FCE1B266A7CF300378003 /* FoodSearch.swift */,
				A5E60C122684C07D00003FEC /* FoodResults.swift */,
				A5E60C152684C0B500003FEC /* FoodDetails.swift */,
			);
			path = View;
			sourceTree = "<group>";
		};
		A5E60BEF2684BAFC00003FEC /* ViewModel */ = {
			isa = PBXGroup;
			children = (
				A5E60C102684C04C00003FEC /* FoodSearchViewModel.swift */,
			);
			path = ViewModel;
			sourceTree = "<group>";
		};
		A5E60BF02684BB0400003FEC /* Model */ = {
			isa = PBXGroup;
			children = (
				A5E60C032684BDF700003FEC /* Establishments */,
			);
			path = Model;
			sourceTree = "<group>";
		};
		A5E60BF12684BB1700003FEC /* Services */ = {
			isa = PBXGroup;
			children = (
			);
			path = Services;
			sourceTree = "<group>";
		};
		A5E60BF72684BB5A00003FEC /* BeFoodNotToTests */ = {
			isa = PBXGroup;
			children = (
				A5E60C012684BBAC00003FEC /* Model */,
				A5E60C002684BBA400003FEC /* ViewModel */,
				A5E60C022684BBB300003FEC /* Services */,
				A5E60BFA2684BB5A00003FEC /* Info.plist */,
			);
			path = BeFoodNotToTests;
			sourceTree = "<group>";
		};
		A5E60C002684BBA400003FEC /* ViewModel */ = {
			isa = PBXGroup;
			children = (
			);
			path = ViewModel;
			sourceTree = "<group>";
		};
		A5E60C012684BBAC00003FEC /* Model */ = {
			isa = PBXGroup;
			children = (
			);
			path = Model;
			sourceTree = "<group>";
		};
		A5E60C022684BBB300003FEC /* Services */ = {
			isa = PBXGroup;
			children = (
				A5E60BF82684BB5A00003FEC /* BeFoodNotToTests.swift */,
			);
			path = Services;
			sourceTree = "<group>";
		};
		A5E60C032684BDF700003FEC /* Establishments */ = {
			isa = PBXGroup;
			children = (
				A5E60C042684BE0C00003FEC /* Establishments.swift */,
				A5E60C062684BE3000003FEC /* Establishment.swift */,
				A5E60C082684BE6900003FEC /* Link.swift */,
				A5E60C0A2684BE8300003FEC /* Rel.swift */,
				A5E60C0E2684BEAD00003FEC /* Meta.swift */,
			);
			path = Establishments;
			sourceTree = "<group>";
		};
/* End PBXGroup section */

/* Begin PBXNativeTarget section */
		A59FCE15266A7CF300378003 /* BeFoodNotTo */ = {
			isa = PBXNativeTarget;
			buildConfigurationList = A59FCE25266A7D0100378003 /* Build configuration list for PBXNativeTarget "BeFoodNotTo" */;
			buildPhases = (
				A59FCE12266A7CF300378003 /* Sources */,
				A59FCE13266A7CF300378003 /* Frameworks */,
				A59FCE14266A7CF300378003 /* Resources */,
			);
			buildRules = (
			);
			dependencies = (
			);
			name = BeFoodNotTo;
			productName = BeFoodNotTo;
			productReference = A59FCE16266A7CF300378003 /* BeFoodNotTo.app */;
			productType = "com.apple.product-type.application";
		};
		A5E60BF52684BB5A00003FEC /* BeFoodNotToTests */ = {
			isa = PBXNativeTarget;
			buildConfigurationList = A5E60BFD2684BB5A00003FEC /* Build configuration list for PBXNativeTarget "BeFoodNotToTests" */;
			buildPhases = (
				A5E60BF22684BB5A00003FEC /* Sources */,
				A5E60BF32684BB5A00003FEC /* Frameworks */,
				A5E60BF42684BB5A00003FEC /* Resources */,
			);
			buildRules = (
			);
			dependencies = (
				A5E60BFC2684BB5A00003FEC /* PBXTargetDependency */,
			);
			name = BeFoodNotToTests;
			productName = BeFoodNotToTests;
			productReference = A5E60BF62684BB5A00003FEC /* BeFoodNotToTests.xctest */;
			productType = "com.apple.product-type.bundle.unit-test";
		};
/* End PBXNativeTarget section */

/* Begin PBXProject section */
		A59FCE0E266A7CF300378003 /* Project object */ = {
			isa = PBXProject;
			attributes = {
				LastSwiftUpdateCheck = 1250;
				LastUpgradeCheck = 1250;
				TargetAttributes = {
					A59FCE15266A7CF300378003 = {
						CreatedOnToolsVersion = 12.5;
					};
					A5E60BF52684BB5A00003FEC = {
						CreatedOnToolsVersion = 12.5.1;
						TestTargetID = A59FCE15266A7CF300378003;
					};
				};
			};
			buildConfigurationList = A59FCE11266A7CF300378003 /* Build configuration list for PBXProject "BeFoodNotTo" */;
			compatibilityVersion = "Xcode 9.3";
			developmentRegion = en;
			hasScannedForEncodings = 0;
			knownRegions = (
				en,
				Base,
			);
			mainGroup = A59FCE0D266A7CF300378003;
			productRefGroup = A59FCE17266A7CF300378003 /* Products */;
			projectDirPath = "";
			projectRoot = "";
			targets = (
				A59FCE15266A7CF300378003 /* BeFoodNotTo */,
				A5E60BF52684BB5A00003FEC /* BeFoodNotToTests */,
			);
		};
/* End PBXProject section */

/* Begin PBXResourcesBuildPhase section */
		A59FCE14266A7CF300378003 /* Resources */ = {
			isa = PBXResourcesBuildPhase;
			buildActionMask = 2147483647;
			files = (
				A59FCE21266A7D0100378003 /* Preview Assets.xcassets in Resources */,
				A59FCE1E266A7D0100378003 /* Assets.xcassets in Resources */,
			);
			runOnlyForDeploymentPostprocessing = 0;
		};
		A5E60BF42684BB5A00003FEC /* Resources */ = {
			isa = PBXResourcesBuildPhase;
			buildActionMask = 2147483647;
			files = (
			);
			runOnlyForDeploymentPostprocessing = 0;
		};
/* End PBXResourcesBuildPhase section */

/* Begin PBXSourcesBuildPhase section */
		A59FCE12266A7CF300378003 /* Sources */ = {
			isa = PBXSourcesBuildPhase;
			buildActionMask = 2147483647;
			files = (
				A59FCE1C266A7CF300378003 /* FoodSearch.swift in Sources */,
				A5E60C072684BE3000003FEC /* Establishment.swift in Sources */,
				A59FCE1A266A7CF300378003 /* BeFoodNotToApp.swift in Sources */,
				A5E60C132684C07D00003FEC /* FoodResults.swift in Sources */,
				A5E60C052684BE0C00003FEC /* Establishments.swift in Sources */,
				A5E60C092684BE6900003FEC /* Link.swift in Sources */,
				A5E60C162684C0B500003FEC /* FoodDetails.swift in Sources */,
				A5E60C0F2684BEAD00003FEC /* Meta.swift in Sources */,
				A5E60C112684C04C00003FEC /* FoodSearchViewModel.swift in Sources */,
				A5E60C0B2684BE8300003FEC /* Rel.swift in Sources */,
			);
			runOnlyForDeploymentPostprocessing = 0;
		};
		A5E60BF22684BB5A00003FEC /* Sources */ = {
			isa = PBXSourcesBuildPhase;
			buildActionMask = 2147483647;
			files = (
				A5E60BF92684BB5A00003FEC /* BeFoodNotToTests.swift in Sources */,
			);
			runOnlyForDeploymentPostprocessing = 0;
		};
/* End PBXSourcesBuildPhase section */

/* Begin PBXTargetDependency section */
		A5E60BFC2684BB5A00003FEC /* PBXTargetDependency */ = {
			isa = PBXTargetDependency;
			target = A59FCE15266A7CF300378003 /* BeFoodNotTo */;
			targetProxy = A5E60BFB2684BB5A00003FEC /* PBXContainerItemProxy */;
		};
/* End PBXTargetDependency section */

/* Begin XCBuildConfiguration section */
		A59FCE23266A7D0100378003 /* Debug */ = {
			isa = XCBuildConfiguration;
			buildSettings = {
				ALWAYS_SEARCH_USER_PATHS = NO;
				CLANG_ANALYZER_NONNULL = YES;
				CLANG_ANALYZER_NUMBER_OBJECT_CONVERSION = YES_AGGRESSIVE;
				CLANG_CXX_LANGUAGE_STANDARD = "gnu++14";
				CLANG_CXX_LIBRARY = "libc++";
				CLANG_ENABLE_MODULES = YES;
				CLANG_ENABLE_OBJC_ARC = YES;
				CLANG_ENABLE_OBJC_WEAK = YES;
				CLANG_WARN_BLOCK_CAPTURE_AUTORELEASING = YES;
				CLANG_WARN_BOOL_CONVERSION = YES;
				CLANG_WARN_COMMA = YES;
				CLANG_WARN_CONSTANT_CONVERSION = YES;
				CLANG_WARN_DEPRECATED_OBJC_IMPLEMENTATIONS = YES;
				CLANG_WARN_DIRECT_OBJC_ISA_USAGE = YES_ERROR;
				CLANG_WARN_DOCUMENTATION_COMMENTS = YES;
				CLANG_WARN_EMPTY_BODY = YES;
				CLANG_WARN_ENUM_CONVERSION = YES;
				CLANG_WARN_INFINITE_RECURSION = YES;
				CLANG_WARN_INT_CONVERSION = YES;
				CLANG_WARN_NON_LITERAL_NULL_CONVERSION = YES;
				CLANG_WARN_OBJC_IMPLICIT_RETAIN_SELF = YES;
				CLANG_WARN_OBJC_LITERAL_CONVERSION = YES;
				CLANG_WARN_OBJC_ROOT_CLASS = YES_ERROR;
				CLANG_WARN_QUOTED_INCLUDE_IN_FRAMEWORK_HEADER = YES;
				CLANG_WARN_RANGE_LOOP_ANALYSIS = YES;
				CLANG_WARN_STRICT_PROTOTYPES = YES;
				CLANG_WARN_SUSPICIOUS_MOVE = YES;
				CLANG_WARN_UNGUARDED_AVAILABILITY = YES_AGGRESSIVE;
				CLANG_WARN_UNREACHABLE_CODE = YES;
				CLANG_WARN__DUPLICATE_METHOD_MATCH = YES;
				COPY_PHASE_STRIP = NO;
				DEBUG_INFORMATION_FORMAT = dwarf;
				ENABLE_STRICT_OBJC_MSGSEND = YES;
				ENABLE_TESTABILITY = YES;
				GCC_C_LANGUAGE_STANDARD = gnu11;
				GCC_DYNAMIC_NO_PIC = NO;
				GCC_NO_COMMON_BLOCKS = YES;
				GCC_OPTIMIZATION_LEVEL = 0;
				GCC_PREPROCESSOR_DEFINITIONS = (
					"DEBUG=1",
					"$(inherited)",
				);
				GCC_WARN_64_TO_32_BIT_CONVERSION = YES;
				GCC_WARN_ABOUT_RETURN_TYPE = YES_ERROR;
				GCC_WARN_UNDECLARED_SELECTOR = YES;
				GCC_WARN_UNINITIALIZED_AUTOS = YES_AGGRESSIVE;
				GCC_WARN_UNUSED_FUNCTION = YES;
				GCC_WARN_UNUSED_VARIABLE = YES;
				IPHONEOS_DEPLOYMENT_TARGET = 14.5;
				MTL_ENABLE_DEBUG_INFO = INCLUDE_SOURCE;
				MTL_FAST_MATH = YES;
				ONLY_ACTIVE_ARCH = YES;
				SDKROOT = iphoneos;
				SWIFT_ACTIVE_COMPILATION_CONDITIONS = DEBUG;
				SWIFT_OPTIMIZATION_LEVEL = "-Onone";
			};
			name = Debug;
		};
		A59FCE24266A7D0100378003 /* Release */ = {
			isa = XCBuildConfiguration;
			buildSettings = {
				ALWAYS_SEARCH_USER_PATHS = NO;
				CLANG_ANALYZER_NONNULL = YES;
				CLANG_ANALYZER_NUMBER_OBJECT_CONVERSION = YES_AGGRESSIVE;
				CLANG_CXX_LANGUAGE_STANDARD = "gnu++14";
				CLANG_CXX_LIBRARY = "libc++";
				CLANG_ENABLE_MODULES = YES;
				CLANG_ENABLE_OBJC_ARC = YES;
				CLANG_ENABLE_OBJC_WEAK = YES;
				CLANG_WARN_BLOCK_CAPTURE_AUTORELEASING = YES;
				CLANG_WARN_BOOL_CONVERSION = YES;
				CLANG_WARN_COMMA = YES;
				CLANG_WARN_CONSTANT_CONVERSION = YES;
				CLANG_WARN_DEPRECATED_OBJC_IMPLEMENTATIONS = YES;
				CLANG_WARN_DIRECT_OBJC_ISA_USAGE = YES_ERROR;
				CLANG_WARN_DOCUMENTATION_COMMENTS = YES;
				CLANG_WARN_EMPTY_BODY = YES;
				CLANG_WARN_ENUM_CONVERSION = YES;
				CLANG_WARN_INFINITE_RECURSION = YES;
				CLANG_WARN_INT_CONVERSION = YES;
				CLANG_WARN_NON_LITERAL_NULL_CONVERSION = YES;
				CLANG_WARN_OBJC_IMPLICIT_RETAIN_SELF = YES;
				CLANG_WARN_OBJC_LITERAL_CONVERSION = YES;
				CLANG_WARN_OBJC_ROOT_CLASS = YES_ERROR;
				CLANG_WARN_QUOTED_INCLUDE_IN_FRAMEWORK_HEADER = YES;
				CLANG_WARN_RANGE_LOOP_ANALYSIS = YES;
				CLANG_WARN_STRICT_PROTOTYPES = YES;
				CLANG_WARN_SUSPICIOUS_MOVE = YES;
				CLANG_WARN_UNGUARDED_AVAILABILITY = YES_AGGRESSIVE;
				CLANG_WARN_UNREACHABLE_CODE = YES;
				CLANG_WARN__DUPLICATE_METHOD_MATCH = YES;
				COPY_PHASE_STRIP = NO;
				DEBUG_INFORMATION_FORMAT = "dwarf-with-dsym";
				ENABLE_NS_ASSERTIONS = NO;
				ENABLE_STRICT_OBJC_MSGSEND = YES;
				GCC_C_LANGUAGE_STANDARD = gnu11;
				GCC_NO_COMMON_BLOCKS = YES;
				GCC_WARN_64_TO_32_BIT_CONVERSION = YES;
				GCC_WARN_ABOUT_RETURN_TYPE = YES_ERROR;
				GCC_WARN_UNDECLARED_SELECTOR = YES;
				GCC_WARN_UNINITIALIZED_AUTOS = YES_AGGRESSIVE;
				GCC_WARN_UNUSED_FUNCTION = YES;
				GCC_WARN_UNUSED_VARIABLE = YES;
				IPHONEOS_DEPLOYMENT_TARGET = 14.5;
				MTL_ENABLE_DEBUG_INFO = NO;
				MTL_FAST_MATH = YES;
				SDKROOT = iphoneos;
				SWIFT_COMPILATION_MODE = wholemodule;
				SWIFT_OPTIMIZATION_LEVEL = "-O";
				VALIDATE_PRODUCT = YES;
			};
			name = Release;
		};
		A59FCE26266A7D0100378003 /* Debug */ = {
			isa = XCBuildConfiguration;
			buildSettings = {
				ASSETCATALOG_COMPILER_APPICON_NAME = AppIcon;
				ASSETCATALOG_COMPILER_GLOBAL_ACCENT_COLOR_NAME = AccentColor;
				CODE_SIGN_STYLE = Automatic;
				DEVELOPMENT_ASSET_PATHS = "\"BeFoodNotTo/Preview Content\"";
				DEVELOPMENT_TEAM = 76BSGUF375;
				ENABLE_PREVIEWS = YES;
				INFOPLIST_FILE = BeFoodNotTo/Info.plist;
				IPHONEOS_DEPLOYMENT_TARGET = 14.0;
				LD_RUNPATH_SEARCH_PATHS = (
					"$(inherited)",
					"@executable_path/Frameworks",
				);
				PRODUCT_BUNDLE_IDENTIFIER = uk.co.dandbutton.BeFoodNotTo;
				PRODUCT_NAME = "$(TARGET_NAME)";
				SWIFT_VERSION = 5.0;
				TARGETED_DEVICE_FAMILY = "1,2";
			};
			name = Debug;
		};
		A59FCE27266A7D0100378003 /* Release */ = {
			isa = XCBuildConfiguration;
			buildSettings = {
				ASSETCATALOG_COMPILER_APPICON_NAME = AppIcon;
				ASSETCATALOG_COMPILER_GLOBAL_ACCENT_COLOR_NAME = AccentColor;
				CODE_SIGN_STYLE = Automatic;
				DEVELOPMENT_ASSET_PATHS = "\"BeFoodNotTo/Preview Content\"";
				DEVELOPMENT_TEAM = 76BSGUF375;
				ENABLE_PREVIEWS = YES;
				INFOPLIST_FILE = BeFoodNotTo/Info.plist;
				IPHONEOS_DEPLOYMENT_TARGET = 14.0;
				LD_RUNPATH_SEARCH_PATHS = (
					"$(inherited)",
					"@executable_path/Frameworks",
				);
				PRODUCT_BUNDLE_IDENTIFIER = uk.co.dandbutton.BeFoodNotTo;
				PRODUCT_NAME = "$(TARGET_NAME)";
				SWIFT_VERSION = 5.0;
				TARGETED_DEVICE_FAMILY = "1,2";
			};
			name = Release;
		};
		A5E60BFE2684BB5A00003FEC /* Debug */ = {
			isa = XCBuildConfiguration;
			buildSettings = {
				BUNDLE_LOADER = "$(TEST_HOST)";
				CODE_SIGN_STYLE = Automatic;
				DEVELOPMENT_TEAM = 76BSGUF375;
				INFOPLIST_FILE = BeFoodNotToTests/Info.plist;
				LD_RUNPATH_SEARCH_PATHS = (
					"$(inherited)",
					"@executable_path/Frameworks",
					"@loader_path/Frameworks",
				);
				PRODUCT_BUNDLE_IDENTIFIER = uk.co.dandbutton.BeFoodNotToTests;
				PRODUCT_NAME = "$(TARGET_NAME)";
				SWIFT_VERSION = 5.0;
				TARGETED_DEVICE_FAMILY = "1,2";
				TEST_HOST = "$(BUILT_PRODUCTS_DIR)/BeFoodNotTo.app/BeFoodNotTo";
			};
			name = Debug;
		};
		A5E60BFF2684BB5A00003FEC /* Release */ = {
			isa = XCBuildConfiguration;
			buildSettings = {
				BUNDLE_LOADER = "$(TEST_HOST)";
				CODE_SIGN_STYLE = Automatic;
				DEVELOPMENT_TEAM = 76BSGUF375;
				INFOPLIST_FILE = BeFoodNotToTests/Info.plist;
				LD_RUNPATH_SEARCH_PATHS = (
					"$(inherited)",
					"@executable_path/Frameworks",
					"@loader_path/Frameworks",
				);
				PRODUCT_BUNDLE_IDENTIFIER = uk.co.dandbutton.BeFoodNotToTests;
				PRODUCT_NAME = "$(TARGET_NAME)";
				SWIFT_VERSION = 5.0;
				TARGETED_DEVICE_FAMILY = "1,2";
				TEST_HOST = "$(BUILT_PRODUCTS_DIR)/BeFoodNotTo.app/BeFoodNotTo";
			};
			name = Release;
		};
/* End XCBuildConfiguration section */

/* Begin XCConfigurationList section */
		A59FCE11266A7CF300378003 /* Build configuration list for PBXProject "BeFoodNotTo" */ = {
			isa = XCConfigurationList;
			buildConfigurations = (
				A59FCE23266A7D0100378003 /* Debug */,
				A59FCE24266A7D0100378003 /* Release */,
			);
			defaultConfigurationIsVisible = 0;
			defaultConfigurationName = Release;
		};
		A59FCE25266A7D0100378003 /* Build configuration list for PBXNativeTarget "BeFoodNotTo" */ = {
			isa = XCConfigurationList;
			buildConfigurations = (
				A59FCE26266A7D0100378003 /* Debug */,
				A59FCE27266A7D0100378003 /* Release */,
			);
			defaultConfigurationIsVisible = 0;
			defaultConfigurationName = Release;
		};
		A5E60BFD2684BB5A00003FEC /* Build configuration list for PBXNativeTarget "BeFoodNotToTests" */ = {
			isa = XCConfigurationList;
			buildConfigurations = (
				A5E60BFE2684BB5A00003FEC /* Debug */,
				A5E60BFF2684BB5A00003FEC /* Release */,
			);
			defaultConfigurationIsVisible = 0;
			defaultConfigurationName = Release;
		};
/* End XCConfigurationList section */
	};
	rootObject = A59FCE0E266A7CF300378003 /* Project object */;
}
